
Microsoft Visual Studio Solution File, Format Version 12.00
# Visual Studio Express 2012 for Windows Desktop
Project("{8BC9CEB8-8B4A-11D0-8D11-00A0C91BC942}") = "OpenGl_Lighting", "OpenGl_Lighting\OpenGl_Lighting.vcxproj", "{CD93DFD5-CC07-4C38-A7DD-DC89A63990C5}"
EndProject
Global
	GlobalSection(SolutionConfigurationPlatforms) = preSolution
		Debug|Win32 = Debug|Win32
		Release|Win32 = Release|Win32
	EndGlobalSection
	GlobalSection(ProjectConfigurationPlatforms) = postSolution
		{CD93DFD5-CC07-4C38-A7DD-DC89A63990C5}.Debug|Win32.ActiveCfg = Debug|Win32
		{CD93DFD5-CC07-4C38-A7DD-DC89A63990C5}.Debug|Win32.Build.0 = Debug|Win32
		{CD93DFD5-CC07-4C38-A7DD-DC89A63990C5}.Release|Win32.ActiveCfg = Release|Win32
		{CD93DFD5-CC07-4C38-A7DD-DC89A63990C5}.Release|Win32.Build.0 = Release|Win32
	EndGlobalSection
	GlobalSection(SolutionProperties) = preSolution
		HideSolutionNode = FALSE
	EndGlobalSection
EndGlobal
